// !$*UTF8*$!
{
	archiveVersion = 1;
	classes = {
	};
	objectVersion = 50;
	objects = {

/* Begin PBXBuildFile section */
		633EC3F0255A849900CE6AC7 /* AppDelegate.swift in Sources */ = {isa = PBXBuildFile; fileRef = 633EC3EF255A849900CE6AC7 /* AppDelegate.swift */; };
		633EC3F2255A849900CE6AC7 /* GameScene.sks in Resources */ = {isa = PBXBuildFile; fileRef = 633EC3F1255A849900CE6AC7 /* GameScene.sks */; };
		633EC3F6255A849900CE6AC7 /* GameScene.swift in Sources */ = {isa = PBXBuildFile; fileRef = 633EC3F5255A849900CE6AC7 /* GameScene.swift */; };
		633EC3F8255A849900CE6AC7 /* GameViewController.swift in Sources */ = {isa = PBXBuildFile; fileRef = 633EC3F7255A849900CE6AC7 /* GameViewController.swift */; };
		633EC3FB255A849900CE6AC7 /* Main.storyboard in Resources */ = {isa = PBXBuildFile; fileRef = 633EC3F9255A849900CE6AC7 /* Main.storyboard */; };
		633EC3FD255A849A00CE6AC7 /* Assets.xcassets in Resources */ = {isa = PBXBuildFile; fileRef = 633EC3FC255A849A00CE6AC7 /* Assets.xcassets */; };
		633EC400255A849A00CE6AC7 /* LaunchScreen.storyboard in Resources */ = {isa = PBXBuildFile; fileRef = 633EC3FE255A849A00CE6AC7 /* LaunchScreen.storyboard */; };
		633EC40A255AA62400CE6AC7 /* scene.atlas in Resources */ = {isa = PBXBuildFile; fileRef = 633EC409255AA62400CE6AC7 /* scene.atlas */; };
		633EC40C255DB32500CE6AC7 /* GameSceneTouches.swift in Sources */ = {isa = PBXBuildFile; fileRef = 633EC40B255DB32500CE6AC7 /* GameSceneTouches.swift */; };
		633EC40E255E806000CE6AC7 /* GameScene_Physics.swift in Sources */ = {isa = PBXBuildFile; fileRef = 633EC40D255E806000CE6AC7 /* GameScene_Physics.swift */; };
		633EC410255E932B00CE6AC7 /* engine.sks in Resources */ = {isa = PBXBuildFile; fileRef = 633EC40F255E932B00CE6AC7 /* engine.sks */; };
		633EC412255E98B700CE6AC7 /* Utils.swift in Sources */ = {isa = PBXBuildFile; fileRef = 633EC411255E98B700CE6AC7 /* Utils.swift */; };
		633EC414255EEEE500CE6AC7 /* pickCoin.mp3 in Resources */ = {isa = PBXBuildFile; fileRef = 633EC413255EEEE500CE6AC7 /* pickCoin.mp3 */; };
		633EC41D255EFCDE00CE6AC7 /* bat.mp3 in Resources */ = {isa = PBXBuildFile; fileRef = 633EC41C255EFCDE00CE6AC7 /* bat.mp3 */; };
		633EC41F255EFDAF00CE6AC7 /* batDeath.mp3 in Resources */ = {isa = PBXBuildFile; fileRef = 633EC41E255EFDAF00CE6AC7 /* batDeath.mp3 */; };
		633EC421255F01BC00CE6AC7 /* batDeath2.mp3 in Resources */ = {isa = PBXBuildFile; fileRef = 633EC420255F01BC00CE6AC7 /* batDeath2.mp3 */; };
		633EC423255FEF0D00CE6AC7 /* reloadButton.png in Resources */ = {isa = PBXBuildFile; fileRef = 633EC422255FEF0D00CE6AC7 /* reloadButton.png */; };
		633EC425255FF34800CE6AC7 /* AnimationClass.swift in Sources */ = {isa = PBXBuildFile; fileRef = 633EC424255FF34800CE6AC7 /* AnimationClass.swift */; };
/* End PBXBuildFile section */

/* Begin PBXFileReference section */
		633EC3EC255A849900CE6AC7 /* Night forest.app */ = {isa = PBXFileReference; explicitFileType = wrapper.application; includeInIndex = 0; path = "Night forest.app"; sourceTree = BUILT_PRODUCTS_DIR; };
		633EC3EF255A849900CE6AC7 /* AppDelegate.swift */ = {isa = PBXFileReference; lastKnownFileType = sourcecode.swift; path = AppDelegate.swift; sourceTree = "<group>"; };
		633EC3F1255A849900CE6AC7 /* GameScene.sks */ = {isa = PBXFileReference; lastKnownFileType = file.sks; path = GameScene.sks; sourceTree = "<group>"; };
		633EC3F5255A849900CE6AC7 /* GameScene.swift */ = {isa = PBXFileReference; lastKnownFileType = sourcecode.swift; path = GameScene.swift; sourceTree = "<group>"; };
		633EC3F7255A849900CE6AC7 /* GameViewController.swift */ = {isa = PBXFileReference; lastKnownFileType = sourcecode.swift; path = GameViewController.swift; sourceTree = "<group>"; };
		633EC3FA255A849900CE6AC7 /* Base */ = {isa = PBXFileReference; lastKnownFileType = file.storyboard; name = Base; path = Base.lproj/Main.storyboard; sourceTree = "<group>"; };
		633EC3FC255A849A00CE6AC7 /* Assets.xcassets */ = {isa = PBXFileReference; lastKnownFileType = folder.assetcatalog; path = Assets.xcassets; sourceTree = "<group>"; };
		633EC3FF255A849A00CE6AC7 /* Base */ = {isa = PBXFileReference; lastKnownFileType = file.storyboard; name = Base; path = Base.lproj/LaunchScreen.storyboard; sourceTree = "<group>"; };
		633EC401255A849A00CE6AC7 /* Info.plist */ = {isa = PBXFileReference; lastKnownFileType = text.plist.xml; path = Info.plist; sourceTree = "<group>"; };
		633EC409255AA62400CE6AC7 /* scene.atlas */ = {isa = PBXFileReference; lastKnownFileType = folder.skatlas; path = scene.atlas; sourceTree = "<group>"; };
		633EC40B255DB32500CE6AC7 /* GameSceneTouches.swift */ = {isa = PBXFileReference; lastKnownFileType = sourcecode.swift; path = GameSceneTouches.swift; sourceTree = "<group>"; };
		633EC40D255E806000CE6AC7 /* GameScene_Physics.swift */ = {isa = PBXFileReference; lastKnownFileType = sourcecode.swift; path = GameScene_Physics.swift; sourceTree = "<group>"; };
		633EC40F255E932B00CE6AC7 /* engine.sks */ = {isa = PBXFileReference; lastKnownFileType = file.sks; path = engine.sks; sourceTree = "<group>"; };
		633EC411255E98B700CE6AC7 /* Utils.swift */ = {isa = PBXFileReference; lastKnownFileType = sourcecode.swift; path = Utils.swift; sourceTree = "<group>"; };
		633EC413255EEEE500CE6AC7 /* pickCoin.mp3 */ = {isa = PBXFileReference; lastKnownFileType = audio.mp3; path = pickCoin.mp3; sourceTree = "<group>"; };
		633EC41A255EEF5B00CE6AC7 /* SKTAudio.swift */ = {isa = PBXFileReference; lastKnownFileType = sourcecode.swift; path = SKTAudio.swift; sourceTree = "<group>"; };
		633EC41C255EFCDE00CE6AC7 /* bat.mp3 */ = {isa = PBXFileReference; lastKnownFileType = audio.mp3; path = bat.mp3; sourceTree = "<group>"; };
		633EC41E255EFDAF00CE6AC7 /* batDeath.mp3 */ = {isa = PBXFileReference; lastKnownFileType = audio.mp3; path = batDeath.mp3; sourceTree = "<group>"; };
		633EC420255F01BC00CE6AC7 /* batDeath2.mp3 */ = {isa = PBXFileReference; lastKnownFileType = audio.mp3; path = batDeath2.mp3; sourceTree = "<group>"; };
		633EC422255FEF0D00CE6AC7 /* reloadButton.png */ = {isa = PBXFileReference; lastKnownFileType = image.png; path = reloadButton.png; sourceTree = "<group>"; };
		633EC424255FF34800CE6AC7 /* AnimationClass.swift */ = {isa = PBXFileReference; lastKnownFileType = sourcecode.swift; path = AnimationClass.swift; sourceTree = "<group>"; };
/* End PBXFileReference section */

/* Begin PBXFrameworksBuildPhase section */
		633EC3E9255A849900CE6AC7 /* Frameworks */ = {
			isa = PBXFrameworksBuildPhase;
			buildActionMask = 2147483647;
			files = (
			);
			runOnlyForDeploymentPostprocessing = 0;
		};
/* End PBXFrameworksBuildPhase section */

/* Begin PBXGroup section */
		633EC3E3255A849900CE6AC7 = {
			isa = PBXGroup;
			children = (
				633EC3EE255A849900CE6AC7 /* Night forest */,
				633EC3ED255A849900CE6AC7 /* Products */,
			);
			sourceTree = "<group>";
		};
		633EC3ED255A849900CE6AC7 /* Products */ = {
			isa = PBXGroup;
			children = (
				633EC3EC255A849900CE6AC7 /* Night forest.app */,
			);
			name = Products;
			sourceTree = "<group>";
		};
		633EC3EE255A849900CE6AC7 /* Night forest */ = {
			isa = PBXGroup;
			children = (
				633EC422255FEF0D00CE6AC7 /* reloadButton.png */,
				633EC3EF255A849900CE6AC7 /* AppDelegate.swift */,
				633EC3F1255A849900CE6AC7 /* GameScene.sks */,
				633EC3F5255A849900CE6AC7 /* GameScene.swift */,
				633EC41B255EEF8300CE6AC7 /* Emitters */,
				633EC40D255E806000CE6AC7 /* GameScene_Physics.swift */,
				633EC40B255DB32500CE6AC7 /* GameSceneTouches.swift */,
				633EC3F7255A849900CE6AC7 /* GameViewController.swift */,
				633EC424255FF34800CE6AC7 /* AnimationClass.swift */,
				633EC3F9255A849900CE6AC7 /* Main.storyboard */,
				633EC3FC255A849A00CE6AC7 /* Assets.xcassets */,
				633EC3FE255A849A00CE6AC7 /* LaunchScreen.storyboard */,
				633EC409255AA62400CE6AC7 /* scene.atlas */,
				633EC419255EEF5B00CE6AC7 /* Helper Classes */,
				633EC417255EEF1500CE6AC7 /* Sounds */,
				633EC401255A849A00CE6AC7 /* Info.plist */,
			);
			path = "Night forest";
			sourceTree = "<group>";
		};
		633EC417255EEF1500CE6AC7 /* Sounds */ = {
			isa = PBXGroup;
			children = (
				633EC41C255EFCDE00CE6AC7 /* bat.mp3 */,
				633EC420255F01BC00CE6AC7 /* batDeath2.mp3 */,
				633EC41E255EFDAF00CE6AC7 /* batDeath.mp3 */,
				633EC413255EEEE500CE6AC7 /* pickCoin.mp3 */,
			);
			path = Sounds;
			sourceTree = "<group>";
		};
		633EC419255EEF5B00CE6AC7 /* Helper Classes */ = {
			isa = PBXGroup;
			children = (
				633EC41A255EEF5B00CE6AC7 /* SKTAudio.swift */,
				633EC411255E98B700CE6AC7 /* Utils.swift */,
			);
			path = "Helper Classes";
			sourceTree = "<group>";
		};
		633EC41B255EEF8300CE6AC7 /* Emitters */ = {
			isa = PBXGroup;
			children = (
				633EC40F255E932B00CE6AC7 /* engine.sks */,
			);
			path = Emitters;
			sourceTree = "<group>";
		};
/* End PBXGroup section */

/* Begin PBXNativeTarget section */
		633EC3EB255A849900CE6AC7 /* Night forest */ = {
			isa = PBXNativeTarget;
			buildConfigurationList = 633EC404255A849A00CE6AC7 /* Build configuration list for PBXNativeTarget "Night forest" */;
			buildPhases = (
				633EC3E8255A849900CE6AC7 /* Sources */,
				633EC3E9255A849900CE6AC7 /* Frameworks */,
				633EC3EA255A849900CE6AC7 /* Resources */,
			);
			buildRules = (
			);
			dependencies = (
			);
			name = "Night forest";
			productName = "Night forest";
			productReference = 633EC3EC255A849900CE6AC7 /* Night forest.app */;
			productType = "com.apple.product-type.application";
		};
/* End PBXNativeTarget section */

/* Begin PBXProject section */
		633EC3E4255A849900CE6AC7 /* Project object */ = {
			isa = PBXProject;
			attributes = {
				LastSwiftUpdateCheck = 1130;
				LastUpgradeCheck = 1130;
				ORGANIZATIONNAME = "Туйаара Оконешникова";
				TargetAttributes = {
					633EC3EB255A849900CE6AC7 = {
						CreatedOnToolsVersion = 11.3.1;
					};
				};
			};
			buildConfigurationList = 633EC3E7255A849900CE6AC7 /* Build configuration list for PBXProject "Night forest" */;
			compatibilityVersion = "Xcode 9.3";
			developmentRegion = en;
			hasScannedForEncodings = 0;
			knownRegions = (
				en,
				Base,
			);
			mainGroup = 633EC3E3255A849900CE6AC7;
			productRefGroup = 633EC3ED255A849900CE6AC7 /* Products */;
			projectDirPath = "";
			projectRoot = "";
			targets = (
				633EC3EB255A849900CE6AC7 /* Night forest */,
			);
		};
/* End PBXProject section */

/* Begin PBXResourcesBuildPhase section */
		633EC3EA255A849900CE6AC7 /* Resources */ = {
			isa = PBXResourcesBuildPhase;
			buildActionMask = 2147483647;
			files = (
				633EC3FB255A849900CE6AC7 /* Main.storyboard in Resources */,
				633EC41F255EFDAF00CE6AC7 /* batDeath.mp3 in Resources */,
				633EC421255F01BC00CE6AC7 /* batDeath2.mp3 in Resources */,
				633EC410255E932B00CE6AC7 /* engine.sks in Resources */,
				633EC423255FEF0D00CE6AC7 /* reloadButton.png in Resources */,
				633EC3F2255A849900CE6AC7 /* GameScene.sks in Resources */,
				633EC40A255AA62400CE6AC7 /* scene.atlas in Resources */,
				633EC41D255EFCDE00CE6AC7 /* bat.mp3 in Resources */,
				633EC414255EEEE500CE6AC7 /* pickCoin.mp3 in Resources */,
				633EC3FD255A849A00CE6AC7 /* Assets.xcassets in Resources */,
				633EC400255A849A00CE6AC7 /* LaunchScreen.storyboard in Resources */,
			);
			runOnlyForDeploymentPostprocessing = 0;
		};
/* End PBXResourcesBuildPhase section */

/* Begin PBXSourcesBuildPhase section */
		633EC3E8255A849900CE6AC7 /* Sources */ = {
			isa = PBXSourcesBuildPhase;
			buildActionMask = 2147483647;
			files = (
				633EC40C255DB32500CE6AC7 /* GameSceneTouches.swift in Sources */,
				633EC40E255E806000CE6AC7 /* GameScene_Physics.swift in Sources */,
				633EC3F6255A849900CE6AC7 /* GameScene.swift in Sources */,
				633EC3F8255A849900CE6AC7 /* GameViewController.swift in Sources */,
				633EC3F0255A849900CE6AC7 /* AppDelegate.swift in Sources */,
				633EC425255FF34800CE6AC7 /* AnimationClass.swift in Sources */,
				633EC412255E98B700CE6AC7 /* Utils.swift in Sources */,
			);
			runOnlyForDeploymentPostprocessing = 0;
		};
/* End PBXSourcesBuildPhase section */

/* Begin PBXVariantGroup section */
		633EC3F9255A849900CE6AC7 /* Main.storyboard */ = {
			isa = PBXVariantGroup;
			children = (
				633EC3FA255A849900CE6AC7 /* Base */,
			);
			name = Main.storyboard;
			sourceTree = "<group>";
		};
		633EC3FE255A849A00CE6AC7 /* LaunchScreen.storyboard */ = {
			isa = PBXVariantGroup;
			children = (
				633EC3FF255A849A00CE6AC7 /* Base */,
			);
			name = LaunchScreen.storyboard;
			sourceTree = "<group>";
		};
/* End PBXVariantGroup section */

/* Begin XCBuildConfiguration section */
		633EC402255A849A00CE6AC7 /* Debug */ = {
			isa = XCBuildConfiguration;
			buildSettings = {
				ALWAYS_SEARCH_USER_PATHS = NO;
				CLANG_ANALYZER_NONNULL = YES;
				CLANG_ANALYZER_NUMBER_OBJECT_CONVERSION = YES_AGGRESSIVE;
				CLANG_CXX_LANGUAGE_STANDARD = "gnu++14";
				CLANG_CXX_LIBRARY = "libc++";
				CLANG_ENABLE_MODULES = YES;
				CLANG_ENABLE_OBJC_ARC = YES;
				CLANG_ENABLE_OBJC_WEAK = YES;
				CLANG_WARN_BLOCK_CAPTURE_AUTORELEASING = YES;
				CLANG_WARN_BOOL_CONVERSION = YES;
				CLANG_WARN_COMMA = YES;
				CLANG_WARN_CONSTANT_CONVERSION = YES;
				CLANG_WARN_DEPRECATED_OBJC_IMPLEMENTATIONS = YES;
				CLANG_WARN_DIRECT_OBJC_ISA_USAGE = YES_ERROR;
				CLANG_WARN_DOCUMENTATION_COMMENTS = YES;
				CLANG_WARN_EMPTY_BODY = YES;
				CLANG_WARN_ENUM_CONVERSION = YES;
				CLANG_WARN_INFINITE_RECURSION = YES;
				CLANG_WARN_INT_CONVERSION = YES;
				CLANG_WARN_NON_LITERAL_NULL_CONVERSION = YES;
				CLANG_WARN_OBJC_IMPLICIT_RETAIN_SELF = YES;
				CLANG_WARN_OBJC_LITERAL_CONVERSION = YES;
				CLANG_WARN_OBJC_ROOT_CLASS = YES_ERROR;
				CLANG_WARN_RANGE_LOOP_ANALYSIS = YES;
				CLANG_WARN_STRICT_PROTOTYPES = YES;
				CLANG_WARN_SUSPICIOUS_MOVE = YES;
				CLANG_WARN_UNGUARDED_AVAILABILITY = YES_AGGRESSIVE;
				CLANG_WARN_UNREACHABLE_CODE = YES;
				CLANG_WARN__DUPLICATE_METHOD_MATCH = YES;
				COPY_PHASE_STRIP = NO;
				DEBUG_INFORMATION_FORMAT = dwarf;
				ENABLE_STRICT_OBJC_MSGSEND = YES;
				ENABLE_TESTABILITY = YES;
				GCC_C_LANGUAGE_STANDARD = gnu11;
				GCC_DYNAMIC_NO_PIC = NO;
				GCC_NO_COMMON_BLOCKS = YES;
				GCC_OPTIMIZATION_LEVEL = 0;
				GCC_PREPROCESSOR_DEFINITIONS = (
					"DEBUG=1",
					"$(inherited)",
				);
				GCC_WARN_64_TO_32_BIT_CONVERSION = YES;
				GCC_WARN_ABOUT_RETURN_TYPE = YES_ERROR;
				GCC_WARN_UNDECLARED_SELECTOR = YES;
				GCC_WARN_UNINITIALIZED_AUTOS = YES_AGGRESSIVE;
				GCC_WARN_UNUSED_FUNCTION = YES;
				GCC_WARN_UNUSED_VARIABLE = YES;
				IPHONEOS_DEPLOYMENT_TARGET = 13.2;
				MTL_ENABLE_DEBUG_INFO = INCLUDE_SOURCE;
				MTL_FAST_MATH = YES;
				ONLY_ACTIVE_ARCH = YES;
				SDKROOT = iphoneos;
				SWIFT_ACTIVE_COMPILATION_CONDITIONS = DEBUG;
				SWIFT_OPTIMIZATION_LEVEL = "-Onone";
			};
			name = Debug;
		};
		633EC403255A849A00CE6AC7 /* Release */ = {
			isa = XCBuildConfiguration;
			buildSettings = {
				ALWAYS_SEARCH_USER_PATHS = NO;
				CLANG_ANALYZER_NONNULL = YES;
				CLANG_ANALYZER_NUMBER_OBJECT_CONVERSION = YES_AGGRESSIVE;
				CLANG_CXX_LANGUAGE_STANDARD = "gnu++14";
				CLANG_CXX_LIBRARY = "libc++";
				CLANG_ENABLE_MODULES = YES;
				CLANG_ENABLE_OBJC_ARC = YES;
				CLANG_ENABLE_OBJC_WEAK = YES;
				CLANG_WARN_BLOCK_CAPTURE_AUTORELEASING = YES;
				CLANG_WARN_BOOL_CONVERSION = YES;
				CLANG_WARN_COMMA = YES;
				CLANG_WARN_CONSTANT_CONVERSION = YES;
				CLANG_WARN_DEPRECATED_OBJC_IMPLEMENTATIONS = YES;
				CLANG_WARN_DIRECT_OBJC_ISA_USAGE = YES_ERROR;
				CLANG_WARN_DOCUMENTATION_COMMENTS = YES;
				CLANG_WARN_EMPTY_BODY = YES;
				CLANG_WARN_ENUM_CONVERSION = YES;
				CLANG_WARN_INFINITE_RECURSION = YES;
				CLANG_WARN_INT_CONVERSION = YES;
				CLANG_WARN_NON_LITERAL_NULL_CONVERSION = YES;
				CLANG_WARN_OBJC_IMPLICIT_RETAIN_SELF = YES;
				CLANG_WARN_OBJC_LITERAL_CONVERSION = YES;
				CLANG_WARN_OBJC_ROOT_CLASS = YES_ERROR;
				CLANG_WARN_RANGE_LOOP_ANALYSIS = YES;
				CLANG_WARN_STRICT_PROTOTYPES = YES;
				CLANG_WARN_SUSPICIOUS_MOVE = YES;
				CLANG_WARN_UNGUARDED_AVAILABILITY = YES_AGGRESSIVE;
				CLANG_WARN_UNREACHABLE_CODE = YES;
				CLANG_WARN__DUPLICATE_METHOD_MATCH = YES;
				COPY_PHASE_STRIP = NO;
				DEBUG_INFORMATION_FORMAT = "dwarf-with-dsym";
				ENABLE_NS_ASSERTIONS = NO;
				ENABLE_STRICT_OBJC_MSGSEND = YES;
				GCC_C_LANGUAGE_STANDARD = gnu11;
				GCC_NO_COMMON_BLOCKS = YES;
				GCC_WARN_64_TO_32_BIT_CONVERSION = YES;
				GCC_WARN_ABOUT_RETURN_TYPE = YES_ERROR;
				GCC_WARN_UNDECLARED_SELECTOR = YES;
				GCC_WARN_UNINITIALIZED_AUTOS = YES_AGGRESSIVE;
				GCC_WARN_UNUSED_FUNCTION = YES;
				GCC_WARN_UNUSED_VARIABLE = YES;
				IPHONEOS_DEPLOYMENT_TARGET = 13.2;
				MTL_ENABLE_DEBUG_INFO = NO;
				MTL_FAST_MATH = YES;
				SDKROOT = iphoneos;
				SWIFT_COMPILATION_MODE = wholemodule;
				SWIFT_OPTIMIZATION_LEVEL = "-O";
				VALIDATE_PRODUCT = YES;
			};
			name = Release;
		};
		633EC405255A849A00CE6AC7 /* Debug */ = {
			isa = XCBuildConfiguration;
			buildSettings = {
				ASSETCATALOG_COMPILER_APPICON_NAME = AppIcon;
				CODE_SIGN_STYLE = Automatic;
				INFOPLIST_FILE = "Night forest/Info.plist";
				LD_RUNPATH_SEARCH_PATHS = (
					"$(inherited)",
					"@executable_path/Frameworks",
				);
				PRODUCT_BUNDLE_IDENTIFIER = "com.appsite.Night-forest";
				PRODUCT_NAME = "$(TARGET_NAME)";
				SWIFT_VERSION = 5.0;
				TARGETED_DEVICE_FAMILY = "1,2";
			};
			name = Debug;
		};
		633EC406255A849A00CE6AC7 /* Release */ = {
			isa = XCBuildConfiguration;
			buildSettings = {
				ASSETCATALOG_COMPILER_APPICON_NAME = AppIcon;
				CODE_SIGN_STYLE = Automatic;
				INFOPLIST_FILE = "Night forest/Info.plist";
				LD_RUNPATH_SEARCH_PATHS = (
					"$(inherited)",
					"@executable_path/Frameworks",
				);
				PRODUCT_BUNDLE_IDENTIFIER = "com.appsite.Night-forest";
				PRODUCT_NAME = "$(TARGET_NAME)";
				SWIFT_VERSION = 5.0;
				TARGETED_DEVICE_FAMILY = "1,2";
			};
			name = Release;
		};
/* End XCBuildConfiguration section */

/* Begin XCConfigurationList section */
		633EC3E7255A849900CE6AC7 /* Build configuration list for PBXProject "Night forest" */ = {
			isa = XCConfigurationList;
			buildConfigurations = (
				633EC402255A849A00CE6AC7 /* Debug */,
				633EC403255A849A00CE6AC7 /* Release */,
			);
			defaultConfigurationIsVisible = 0;
			defaultConfigurationName = Release;
		};
		633EC404255A849A00CE6AC7 /* Build configuration list for PBXNativeTarget "Night forest" */ = {
			isa = XCConfigurationList;
			buildConfigurations = (
				633EC405255A849A00CE6AC7 /* Debug */,
				633EC406255A849A00CE6AC7 /* Release */,
			);
			defaultConfigurationIsVisible = 0;
			defaultConfigurationName = Release;
		};
/* End XCConfigurationList section */
	};
	rootObject = 633EC3E4255A849900CE6AC7 /* Project object */;
}
